
Microsoft Visual Studio Solution File, Format Version 12.00
# Visual Studio Version 16
VisualStudioVersion = 16.0.30517.126
MinimumVisualStudioVersion = 10.0.40219.1
Project("{888888A0-9F3D-457C-B088-3A5042F75D52}") = "expetir", "expetir\expetir.pyproj", "{7DB6E05F-2D01-47F7-BFE6-54D654909643}"
EndProject
Global
	GlobalSection(SolutionConfigurationPlatforms) = preSolution
		Debug|Any CPU = Debug|Any CPU
		Release|Any CPU = Release|Any CPU
	EndGlobalSection
	GlobalSection(ProjectConfigurationPlatforms) = postSolution
		{7DB6E05F-2D01-47F7-BFE6-54D654909643}.Debug|Any CPU.ActiveCfg = Debug|Any CPU
		{7DB6E05F-2D01-47F7-BFE6-54D654909643}.Release|Any CPU.ActiveCfg = Release|Any CPU
	EndGlobalSection
	GlobalSection(SolutionProperties) = preSolution
		HideSolutionNode = FALSE
	EndGlobalSection
	GlobalSection(ExtensibilityGlobals) = postSolution
		SolutionGuid = {93DFD1B5-8119-437B-A022-020583F297BD}
	EndGlobalSection
EndGlobal
