
Microsoft Visual Studio Solution File, Format Version 12.00
# Visual Studio Version 16
VisualStudioVersion = 16.0.30503.244
MinimumVisualStudioVersion = 10.0.40219.1
Project("{8BC9CEB8-8B4A-11D0-8D11-00A0C91BC942}") = "lab8", "lab8\lab8.vcxproj", "{199CE9CB-4731-49A5-B899-BF8ED560C7EB}"
EndProject
Global
	GlobalSection(SolutionConfigurationPlatforms) = preSolution
		Debug|x64 = Debug|x64
		Debug|x86 = Debug|x86
		Release|x64 = Release|x64
		Release|x86 = Release|x86
	EndGlobalSection
	GlobalSection(ProjectConfigurationPlatforms) = postSolution
		{199CE9CB-4731-49A5-B899-BF8ED560C7EB}.Debug|x64.ActiveCfg = Debug|x64
		{199CE9CB-4731-49A5-B899-BF8ED560C7EB}.Debug|x64.Build.0 = Debug|x64
		{199CE9CB-4731-49A5-B899-BF8ED560C7EB}.Debug|x86.ActiveCfg = Debug|Win32
		{199CE9CB-4731-49A5-B899-BF8ED560C7EB}.Debug|x86.Build.0 = Debug|Win32
		{199CE9CB-4731-49A5-B899-BF8ED560C7EB}.Release|x64.ActiveCfg = Release|x64
		{199CE9CB-4731-49A5-B899-BF8ED560C7EB}.Release|x64.Build.0 = Release|x64
		{199CE9CB-4731-49A5-B899-BF8ED560C7EB}.Release|x86.ActiveCfg = Release|Win32
		{199CE9CB-4731-49A5-B899-BF8ED560C7EB}.Release|x86.Build.0 = Release|Win32
	EndGlobalSection
	GlobalSection(SolutionProperties) = preSolution
		HideSolutionNode = FALSE
	EndGlobalSection
	GlobalSection(ExtensibilityGlobals) = postSolution
		SolutionGuid = {03D724C4-12B5-4B64-B6DC-3FB344FD61C6}
	EndGlobalSection
EndGlobal
